
Microsoft Visual Studio Solution File, Format Version 12.00
# Visual Studio Version 16
VisualStudioVersion = 16.0.31624.102
MinimumVisualStudioVersion = 10.0.40219.1
Project("{FAE04EC0-301F-11D3-BF4B-00C04F79EFBC}") = "ConsoleApp1", "ConsoleApp1\ConsoleApp1.csproj", "{6181AB9D-B732-43E3-9F81-32641093A504}"
EndProject
Global
	GlobalSection(SolutionConfigurationPlatforms) = preSolution
		Debug|Any CPU = Debug|Any CPU
		Release|Any CPU = Release|Any CPU
	EndGlobalSection
	GlobalSection(ProjectConfigurationPlatforms) = postSolution
		{6181AB9D-B732-43E3-9F81-32641093A504}.Debug|Any CPU.ActiveCfg = Debug|Any CPU
		{6181AB9D-B732-43E3-9F81-32641093A504}.Debug|Any CPU.Build.0 = Debug|Any CPU
		{6181AB9D-B732-43E3-9F81-32641093A504}.Release|Any CPU.ActiveCfg = Release|Any CPU
		{6181AB9D-B732-43E3-9F81-32641093A504}.Release|Any CPU.Build.0 = Release|Any CPU
	EndGlobalSection
	GlobalSection(SolutionProperties) = preSolution
		HideSolutionNode = FALSE
	EndGlobalSection
	GlobalSection(ExtensibilityGlobals) = postSolution
		SolutionGuid = {5DBA88DF-11BB-4DAA-9FA7-0C407F7F60FD}
	EndGlobalSection
EndGlobal
